{
  "nodes": {
    "nixpkgs": {
      "locked": {
        "lastModified": 1728752725,
        "narHash": "sha256-nprzUVBuNtTMQVS8y92JKJS6Cpuo8JJpm2FXUW25F0Q=",
        "owner": "nixos",
        "repo": "nixpkgs",
        "rev": "fe17be0af8ff0de556b774b0fb176e96cb0ab080",
        "type": "github"
      },
      "original": {
        "owner": "nixos",
        "repo": "nixpkgs",
        "type": "github"
      }
    },
    "root": {
      "inputs": {
        "nixpkgs": "nixpkgs"
      }
    }
  },
  "root": "root",
  "version": 7
}
