{
  "nodes": {
    "nixpkgs": {
      "locked": {
        "lastModified": 1728818606,
        "narHash": "sha256-v2wOe9wcfEtp27LVOA0F0VIA4X/a8w8+0dQfMuEg9jU=",
        "owner": "nixos",
        "repo": "nixpkgs",
        "rev": "ad770642546822d5146f23f739c4bd57d850f13e",
        "type": "github"
      },
      "original": {
        "owner": "nixos",
        "repo": "nixpkgs",
        "type": "github"
      }
    },
    "root": {
      "inputs": {
        "nixpkgs": "nixpkgs"
      }
    }
  },
  "root": "root",
  "version": 7
}
